
Microsoft Visual Studio Solution File, Format Version 12.00
# Visual Studio Version 17
VisualStudioVersion = 17.0.31903.59
MinimumVisualStudioVersion = 10.0.40219.1
Project("{9A19103F-16F7-4668-BE54-9A1E7A4F7556}") = "Orion.API", "Orion.API\Orion.API.csproj", "{9BF7C2F5-4344-4F06-8D34-5920753C7E1F}"
EndProject
Project("{9A19103F-16F7-4668-BE54-9A1E7A4F7556}") = "Orion.Application", "Orion.Application\Orion.Application.csproj", "{BCF5BD95-405A-4571-AA47-B67DF22B5809}"
EndProject
Project("{9A19103F-16F7-4668-BE54-9A1E7A4F7556}") = "Orion.Contracts", "Orion.Contracts\Orion.Contracts.csproj", "{A9D2E31A-01DA-48D1-A3C4-CA502FB5D547}"
EndProject
Project("{9A19103F-16F7-4668-BE54-9A1E7A4F7556}") = "Orion.Domain", "Orion.Domain\Orion.Domain.csproj", "{0DEC2170-BEEF-4B8C-8160-AF2066642436}"
EndProject
Project("{9A19103F-16F7-4668-BE54-9A1E7A4F7556}") = "Orion.Infrastructure", "Orion.Infrastructure\Orion.Infrastructure.csproj", "{80EA3A56-D153-4B02-9FB0-144EF1DAA7A7}"
EndProject
Project("{2150E333-8FDC-42A3-9474-1A3956D46DE8}") = "Requests", "Requests", "{FE695305-F6A4-4144-9A39-69CACF0BE5FB}"
	ProjectSection(SolutionItems) = preProject
		Login.http = Login.http
		Register.http = Register.http
	EndProjectSection
EndProject
Global
	GlobalSection(SolutionConfigurationPlatforms) = preSolution
		Debug|Any CPU = Debug|Any CPU
		Release|Any CPU = Release|Any CPU
	EndGlobalSection
	GlobalSection(ProjectConfigurationPlatforms) = postSolution
		{9BF7C2F5-4344-4F06-8D34-5920753C7E1F}.Debug|Any CPU.ActiveCfg = Debug|Any CPU
		{9BF7C2F5-4344-4F06-8D34-5920753C7E1F}.Debug|Any CPU.Build.0 = Debug|Any CPU
		{9BF7C2F5-4344-4F06-8D34-5920753C7E1F}.Release|Any CPU.ActiveCfg = Release|Any CPU
		{9BF7C2F5-4344-4F06-8D34-5920753C7E1F}.Release|Any CPU.Build.0 = Release|Any CPU
		{BCF5BD95-405A-4571-AA47-B67DF22B5809}.Debug|Any CPU.ActiveCfg = Debug|Any CPU
		{BCF5BD95-405A-4571-AA47-B67DF22B5809}.Debug|Any CPU.Build.0 = Debug|Any CPU
		{BCF5BD95-405A-4571-AA47-B67DF22B5809}.Release|Any CPU.ActiveCfg = Release|Any CPU
		{BCF5BD95-405A-4571-AA47-B67DF22B5809}.Release|Any CPU.Build.0 = Release|Any CPU
		{A9D2E31A-01DA-48D1-A3C4-CA502FB5D547}.Debug|Any CPU.ActiveCfg = Debug|Any CPU
		{A9D2E31A-01DA-48D1-A3C4-CA502FB5D547}.Debug|Any CPU.Build.0 = Debug|Any CPU
		{A9D2E31A-01DA-48D1-A3C4-CA502FB5D547}.Release|Any CPU.ActiveCfg = Release|Any CPU
		{A9D2E31A-01DA-48D1-A3C4-CA502FB5D547}.Release|Any CPU.Build.0 = Release|Any CPU
		{0DEC2170-BEEF-4B8C-8160-AF2066642436}.Debug|Any CPU.ActiveCfg = Debug|Any CPU
		{0DEC2170-BEEF-4B8C-8160-AF2066642436}.Debug|Any CPU.Build.0 = Debug|Any CPU
		{0DEC2170-BEEF-4B8C-8160-AF2066642436}.Release|Any CPU.ActiveCfg = Release|Any CPU
		{0DEC2170-BEEF-4B8C-8160-AF2066642436}.Release|Any CPU.Build.0 = Release|Any CPU
		{80EA3A56-D153-4B02-9FB0-144EF1DAA7A7}.Debug|Any CPU.ActiveCfg = Debug|Any CPU
		{80EA3A56-D153-4B02-9FB0-144EF1DAA7A7}.Debug|Any CPU.Build.0 = Debug|Any CPU
		{80EA3A56-D153-4B02-9FB0-144EF1DAA7A7}.Release|Any CPU.ActiveCfg = Release|Any CPU
		{80EA3A56-D153-4B02-9FB0-144EF1DAA7A7}.Release|Any CPU.Build.0 = Release|Any CPU
	EndGlobalSection
	GlobalSection(SolutionProperties) = preSolution
		HideSolutionNode = FALSE
	EndGlobalSection
	GlobalSection(ExtensibilityGlobals) = postSolution
		SolutionGuid = {AE0B5AED-9D99-4DC1-8962-F36938D2DC09}
	EndGlobalSection
EndGlobal
